
Microsoft Visual Studio Solution File, Format Version 12.00
# Visual Studio 15
VisualStudioVersion = 15.0.28307.1145
MinimumVisualStudioVersion = 10.0.40219.1
Project("{FAE04EC0-301F-11D3-BF4B-00C04F79EFBC}") = "WindowsUI", "WindowsUI\WindowsUI.csproj", "{F80991A7-134D-4552-B865-14948A0F836C}"
EndProject
Global
	GlobalSection(SolutionConfigurationPlatforms) = preSolution
		Debug|Any CPU = Debug|Any CPU
		Release|Any CPU = Release|Any CPU
	EndGlobalSection
	GlobalSection(ProjectConfigurationPlatforms) = postSolution
		{F80991A7-134D-4552-B865-14948A0F836C}.Debug|Any CPU.ActiveCfg = Debug|Any CPU
		{F80991A7-134D-4552-B865-14948A0F836C}.Debug|Any CPU.Build.0 = Debug|Any CPU
		{F80991A7-134D-4552-B865-14948A0F836C}.Release|Any CPU.ActiveCfg = Release|Any CPU
		{F80991A7-134D-4552-B865-14948A0F836C}.Release|Any CPU.Build.0 = Release|Any CPU
	EndGlobalSection
	GlobalSection(SolutionProperties) = preSolution
		HideSolutionNode = FALSE
	EndGlobalSection
	GlobalSection(ExtensibilityGlobals) = postSolution
		SolutionGuid = {622A4978-ED0C-4532-9334-236FC9B49A9E}
	EndGlobalSection
EndGlobal
